
Microsoft Visual Studio Solution File, Format Version 12.00
# Visual Studio Version 17
VisualStudioVersion = 17.6.33815.320
MinimumVisualStudioVersion = 10.0.40219.1
Project("{FAE04EC0-301F-11D3-BF4B-00C04F79EFBC}") = "PortfolioProject.Server", "Server\PortfolioProject.Server.csproj", "{88C6A61D-FAC0-419A-A013-14E54E1080AF}"
EndProject
Project("{FAE04EC0-301F-11D3-BF4B-00C04F79EFBC}") = "PortfolioProject.Client", "Client\PortfolioProject.Client.csproj", "{F3163B76-F083-4618-A2DC-38A854ABE23E}"
EndProject
Project("{FAE04EC0-301F-11D3-BF4B-00C04F79EFBC}") = "PortfolioProject.Shared", "Shared\PortfolioProject.Shared.csproj", "{49FC97FF-80EE-47DF-88A6-9CAE25E9BAE2}"
EndProject
Global
	GlobalSection(SolutionConfigurationPlatforms) = preSolution
		Debug|Any CPU = Debug|Any CPU
		Release|Any CPU = Release|Any CPU
	EndGlobalSection
	GlobalSection(ProjectConfigurationPlatforms) = postSolution
		{88C6A61D-FAC0-419A-A013-14E54E1080AF}.Debug|Any CPU.ActiveCfg = Debug|Any CPU
		{88C6A61D-FAC0-419A-A013-14E54E1080AF}.Debug|Any CPU.Build.0 = Debug|Any CPU
		{88C6A61D-FAC0-419A-A013-14E54E1080AF}.Release|Any CPU.ActiveCfg = Release|Any CPU
		{88C6A61D-FAC0-419A-A013-14E54E1080AF}.Release|Any CPU.Build.0 = Release|Any CPU
		{F3163B76-F083-4618-A2DC-38A854ABE23E}.Debug|Any CPU.ActiveCfg = Debug|Any CPU
		{F3163B76-F083-4618-A2DC-38A854ABE23E}.Debug|Any CPU.Build.0 = Debug|Any CPU
		{F3163B76-F083-4618-A2DC-38A854ABE23E}.Release|Any CPU.ActiveCfg = Release|Any CPU
		{F3163B76-F083-4618-A2DC-38A854ABE23E}.Release|Any CPU.Build.0 = Release|Any CPU
		{49FC97FF-80EE-47DF-88A6-9CAE25E9BAE2}.Debug|Any CPU.ActiveCfg = Debug|Any CPU
		{49FC97FF-80EE-47DF-88A6-9CAE25E9BAE2}.Debug|Any CPU.Build.0 = Debug|Any CPU
		{49FC97FF-80EE-47DF-88A6-9CAE25E9BAE2}.Release|Any CPU.ActiveCfg = Release|Any CPU
		{49FC97FF-80EE-47DF-88A6-9CAE25E9BAE2}.Release|Any CPU.Build.0 = Release|Any CPU
	EndGlobalSection
	GlobalSection(SolutionProperties) = preSolution
		HideSolutionNode = FALSE
	EndGlobalSection
	GlobalSection(ExtensibilityGlobals) = postSolution
		SolutionGuid = {DF30C649-916D-492A-80D1-F256C65CC090}
	EndGlobalSection
EndGlobal
